
Microsoft Visual Studio Solution File, Format Version 12.00
# Visual Studio Version 17
VisualStudioVersion = 17.8.34205.153
MinimumVisualStudioVersion = 10.0.40219.1
Project("{FAE04EC0-301F-11D3-BF4B-00C04F79EFBC}") = "MvcSdkStyle", "MvcSdkStyle\MvcSdkStyle.csproj", "{186359A3-4D24-43EF-A73E-D4FD7A55644E}"
EndProject
Global
	GlobalSection(SolutionConfigurationPlatforms) = preSolution
		Debug|Any CPU = Debug|Any CPU
		Release|Any CPU = Release|Any CPU
	EndGlobalSection
	GlobalSection(ProjectConfigurationPlatforms) = postSolution
		{186359A3-4D24-43EF-A73E-D4FD7A55644E}.Debug|Any CPU.ActiveCfg = Debug|Any CPU
		{186359A3-4D24-43EF-A73E-D4FD7A55644E}.Debug|Any CPU.Build.0 = Debug|Any CPU
		{186359A3-4D24-43EF-A73E-D4FD7A55644E}.Release|Any CPU.ActiveCfg = Release|Any CPU
		{186359A3-4D24-43EF-A73E-D4FD7A55644E}.Release|Any CPU.Build.0 = Release|Any CPU
	EndGlobalSection
	GlobalSection(SolutionProperties) = preSolution
		HideSolutionNode = FALSE
	EndGlobalSection
	GlobalSection(ExtensibilityGlobals) = postSolution
		SolutionGuid = {4F731F48-E958-4393-AD7D-B3DD179224B0}
	EndGlobalSection
EndGlobal
